{
  "lockfile_version": "1",
  "packages": {
    "jdk@11.0.20": {
      "last_modified": "2024-01-27T14:55:31Z",
      "resolved": "github:NixOS/nixpkgs/160b762eda6d139ac10ae081f8f78d640dd523eb#jdk11",
      "source": "devbox-search",
      "version": "11.0.20",
      "systems": {
        "aarch64-darwin": {
          "outputs": [
            {
              "name": "out",
              "path": "/nix/store/n2v0266ksf6v4qqk0nncm03lkp21l3c3-zulu-ca-jdk-11.0.20",
              "default": true
            }
          ],
          "store_path": "/nix/store/n2v0266ksf6v4qqk0nncm03lkp21l3c3-zulu-ca-jdk-11.0.20"
        },
        "x86_64-darwin": {
          "outputs": [
            {
              "name": "out",
              "path": "/nix/store/v1qqlsljc1q7hl6z2j198gk092xbylb4-zulu-ca-jdk-11.0.20",
              "default": true
            }
          ],
          "store_path": "/nix/store/v1qqlsljc1q7hl6z2j198gk092xbylb4-zulu-ca-jdk-11.0.20"
        }
      }
    },
    "liquibase@3.9.0": {
      "last_modified": "2020-06-13T22:15:40Z",
      "resolved": "github:NixOS/nixpkgs/d6d07f262b171bb1e415e1a06c52288af056a98d#liquibase",
      "source": "devbox-search",
      "version": "3.9.0"
    },
    "nodejs@10.21.0": {
      "last_modified": "2020-07-14T01:56:14Z",
      "plugin_version": "0.0.2",
      "resolved": "github:NixOS/nixpkgs/aca0bbe791c220f8360bd0dd8e9dce161253b341#nodejs-10_x",
      "source": "devbox-search",
      "version": "10.21.0"
    },
    "python2@latest": {
      "last_modified": "2024-07-07T07:43:47Z",
      "plugin_version": "0.0.3",
      "resolved": "github:NixOS/nixpkgs/b60793b86201040d9dee019a05089a9150d08b5b#python2",
      "source": "devbox-search",
      "version": "2.7.18.8",
      "systems": {
        "aarch64-darwin": {
          "outputs": [
            {
              "name": "out",
              "path": "/nix/store/ch9wdnw8i3dzc5c8qfqahlv3jv0lrckz-python-2.7.18.8",
              "default": true
            }
          ],
          "store_path": "/nix/store/ch9wdnw8i3dzc5c8qfqahlv3jv0lrckz-python-2.7.18.8"
        },
        "aarch64-linux": {
          "outputs": [
            {
              "name": "out",
              "path": "/nix/store/nlgl4ilh36n20hmi4pa8q20gwgnvqh43-python-2.7.18.8",
              "default": true
            }
          ],
          "store_path": "/nix/store/nlgl4ilh36n20hmi4pa8q20gwgnvqh43-python-2.7.18.8"
        },
        "x86_64-darwin": {
          "outputs": [
            {
              "name": "out",
              "path": "/nix/store/4nc7vhs8rsi9k1i17y4ci9gmyzhnxr8a-python-2.7.18.8",
              "default": true
            }
          ],
          "store_path": "/nix/store/4nc7vhs8rsi9k1i17y4ci9gmyzhnxr8a-python-2.7.18.8"
        },
        "x86_64-linux": {
          "outputs": [
            {
              "name": "out",
              "path": "/nix/store/inp9vhwaz7y2blsz28fy2i4a1hdkp0r2-python-2.7.18.8",
              "default": true
            }
          ],
          "store_path": "/nix/store/inp9vhwaz7y2blsz28fy2i4a1hdkp0r2-python-2.7.18.8"
        }
      }
    }
  }
}
